
Microsoft Visual Studio Solution File, Format Version 12.00
# Visual Studio 15
VisualStudioVersion = 15.0.34930.48
MinimumVisualStudioVersion = 10.0.40219.1
Project("{8BC9CEB8-8B4A-11D0-8D11-00A0C91BC942}") = "simple_player", "simple_player\simple_player.vcxproj", "{48F1B0E8-5E26-4F89-ADA4-E3203815336C}"
EndProject
Project("{8BC9CEB8-8B4A-11D0-8D11-00A0C91BC942}") = "sdl_test", "sdl_test\sdl_test.vcxproj", "{815EB1DA-F74C-404F-9A89-8301FAEB23F3}"
EndProject
Project("{8BC9CEB8-8B4A-11D0-8D11-00A0C91BC942}") = "simple_audio_player", "simple_audio_player\simple_audio_player.vcxproj", "{952C4E9A-6C32-4B36-900F-464A2BC8743B}"
EndProject
Global
	GlobalSection(SolutionConfigurationPlatforms) = preSolution
		Debug|x64 = Debug|x64
		Debug|x86 = Debug|x86
		Release|x64 = Release|x64
		Release|x86 = Release|x86
	EndGlobalSection
	GlobalSection(ProjectConfigurationPlatforms) = postSolution
		{48F1B0E8-5E26-4F89-ADA4-E3203815336C}.Debug|x64.ActiveCfg = Debug|x64
		{48F1B0E8-5E26-4F89-ADA4-E3203815336C}.Debug|x64.Build.0 = Debug|x64
		{48F1B0E8-5E26-4F89-ADA4-E3203815336C}.Debug|x86.ActiveCfg = Debug|x64
		{48F1B0E8-5E26-4F89-ADA4-E3203815336C}.Release|x64.ActiveCfg = Release|x64
		{48F1B0E8-5E26-4F89-ADA4-E3203815336C}.Release|x64.Build.0 = Release|x64
		{48F1B0E8-5E26-4F89-ADA4-E3203815336C}.Release|x86.ActiveCfg = Release|x64
		{815EB1DA-F74C-404F-9A89-8301FAEB23F3}.Debug|x64.ActiveCfg = Debug|x64
		{815EB1DA-F74C-404F-9A89-8301FAEB23F3}.Debug|x64.Build.0 = Debug|x64
		{815EB1DA-F74C-404F-9A89-8301FAEB23F3}.Debug|x86.ActiveCfg = Debug|x64
		{815EB1DA-F74C-404F-9A89-8301FAEB23F3}.Release|x64.ActiveCfg = Release|x64
		{815EB1DA-F74C-404F-9A89-8301FAEB23F3}.Release|x64.Build.0 = Release|x64
		{815EB1DA-F74C-404F-9A89-8301FAEB23F3}.Release|x86.ActiveCfg = Release|x64
		{952C4E9A-6C32-4B36-900F-464A2BC8743B}.Debug|x64.ActiveCfg = Debug|x64
		{952C4E9A-6C32-4B36-900F-464A2BC8743B}.Debug|x64.Build.0 = Debug|x64
		{952C4E9A-6C32-4B36-900F-464A2BC8743B}.Debug|x86.ActiveCfg = Debug|x64
		{952C4E9A-6C32-4B36-900F-464A2BC8743B}.Release|x64.ActiveCfg = Release|x64
		{952C4E9A-6C32-4B36-900F-464A2BC8743B}.Release|x64.Build.0 = Release|x64
		{952C4E9A-6C32-4B36-900F-464A2BC8743B}.Release|x86.ActiveCfg = Release|x64
	EndGlobalSection
	GlobalSection(SolutionProperties) = preSolution
		HideSolutionNode = FALSE
	EndGlobalSection
	GlobalSection(ExtensibilityGlobals) = postSolution
		SolutionGuid = {5980FEE1-3644-4DA6-839F-02D55DF754BA}
	EndGlobalSection
EndGlobal
